
Microsoft Visual Studio Solution File, Format Version 12.00
# Visual Studio 15
VisualStudioVersion = 15.0.27703.2000
MinimumVisualStudioVersion = 10.0.40219.1
Project("{FAE04EC0-301F-11D3-BF4B-00C04F79EFBC}") = "WebApplication_MVC", "WebApplication_MVC\WebApplication_MVC.csproj", "{85E729D5-3BB2-494D-8989-92EB2AFB4E4E}"
EndProject
Project("{FAE04EC0-301F-11D3-BF4B-00C04F79EFBC}") = "WebApplication_MVC.Tests", "WebApplication_MVC.Tests\WebApplication_MVC.Tests.csproj", "{401703CC-1066-4451-8146-0E3BC63F9750}"
EndProject
Project("{FAE04EC0-301F-11D3-BF4B-00C04F79EFBC}") = "WebApplication_MVC2", "WebApplication_MVC2\WebApplication_MVC2.csproj", "{7331D277-898D-4E8E-8E94-27CA7A777E6B}"
EndProject
Global
	GlobalSection(SolutionConfigurationPlatforms) = preSolution
		Debug|Any CPU = Debug|Any CPU
		Release|Any CPU = Release|Any CPU
	EndGlobalSection
	GlobalSection(ProjectConfigurationPlatforms) = postSolution
		{85E729D5-3BB2-494D-8989-92EB2AFB4E4E}.Debug|Any CPU.ActiveCfg = Debug|Any CPU
		{85E729D5-3BB2-494D-8989-92EB2AFB4E4E}.Debug|Any CPU.Build.0 = Debug|Any CPU
		{85E729D5-3BB2-494D-8989-92EB2AFB4E4E}.Release|Any CPU.ActiveCfg = Release|Any CPU
		{85E729D5-3BB2-494D-8989-92EB2AFB4E4E}.Release|Any CPU.Build.0 = Release|Any CPU
		{401703CC-1066-4451-8146-0E3BC63F9750}.Debug|Any CPU.ActiveCfg = Debug|Any CPU
		{401703CC-1066-4451-8146-0E3BC63F9750}.Debug|Any CPU.Build.0 = Debug|Any CPU
		{401703CC-1066-4451-8146-0E3BC63F9750}.Release|Any CPU.ActiveCfg = Release|Any CPU
		{401703CC-1066-4451-8146-0E3BC63F9750}.Release|Any CPU.Build.0 = Release|Any CPU
		{7331D277-898D-4E8E-8E94-27CA7A777E6B}.Debug|Any CPU.ActiveCfg = Debug|Any CPU
		{7331D277-898D-4E8E-8E94-27CA7A777E6B}.Debug|Any CPU.Build.0 = Debug|Any CPU
		{7331D277-898D-4E8E-8E94-27CA7A777E6B}.Release|Any CPU.ActiveCfg = Release|Any CPU
		{7331D277-898D-4E8E-8E94-27CA7A777E6B}.Release|Any CPU.Build.0 = Release|Any CPU
	EndGlobalSection
	GlobalSection(SolutionProperties) = preSolution
		HideSolutionNode = FALSE
	EndGlobalSection
	GlobalSection(ExtensibilityGlobals) = postSolution
		SolutionGuid = {2A3BBA28-0081-45C6-A4E5-F167EE2ED584}
	EndGlobalSection
EndGlobal
